
Microsoft Visual Studio Solution File, Format Version 12.00
# Visual Studio Version 16
VisualStudioVersion = 16.0.30517.126
MinimumVisualStudioVersion = 10.0.40219.1
Project("{9A19103F-16F7-4668-BE54-9A1E7A4F7556}") = "MultiplayerTetris", "TetrisGame\MultiplayerTetris.csproj", "{7246ADF1-F49D-4616-8CC0-27EE3175BC42}"
EndProject
Project("{FAE04EC0-301F-11D3-BF4B-00C04F79EFBC}") = "ENetOnline", "ENetOnline\ENetOnline\ENetOnline.csproj", "{B56382E9-F428-4021-BF94-BC37F0AC1E48}"
EndProject
Global
	GlobalSection(SolutionConfigurationPlatforms) = preSolution
		Debug|Any CPU = Debug|Any CPU
		Release|Any CPU = Release|Any CPU
	EndGlobalSection
	GlobalSection(ProjectConfigurationPlatforms) = postSolution
		{7246ADF1-F49D-4616-8CC0-27EE3175BC42}.Debug|Any CPU.ActiveCfg = Debug|Any CPU
		{7246ADF1-F49D-4616-8CC0-27EE3175BC42}.Debug|Any CPU.Build.0 = Debug|Any CPU
		{7246ADF1-F49D-4616-8CC0-27EE3175BC42}.Release|Any CPU.ActiveCfg = Release|Any CPU
		{7246ADF1-F49D-4616-8CC0-27EE3175BC42}.Release|Any CPU.Build.0 = Release|Any CPU
		{B56382E9-F428-4021-BF94-BC37F0AC1E48}.Debug|Any CPU.ActiveCfg = Debug|Any CPU
		{B56382E9-F428-4021-BF94-BC37F0AC1E48}.Debug|Any CPU.Build.0 = Debug|Any CPU
		{B56382E9-F428-4021-BF94-BC37F0AC1E48}.Release|Any CPU.ActiveCfg = Release|Any CPU
		{B56382E9-F428-4021-BF94-BC37F0AC1E48}.Release|Any CPU.Build.0 = Release|Any CPU
	EndGlobalSection
	GlobalSection(SolutionProperties) = preSolution
		HideSolutionNode = FALSE
	EndGlobalSection
	GlobalSection(ExtensibilityGlobals) = postSolution
		SolutionGuid = {FC40272F-1AE1-4D2A-BE21-30BC7BAAD524}
	EndGlobalSection
EndGlobal
